
Microsoft Visual Studio Solution File, Format Version 12.00
# Visual Studio Version 17
VisualStudioVersion = 17.6.33829.357
MinimumVisualStudioVersion = 10.0.40219.1
Project("{9092AA53-FB77-4645-B42D-1CCCA6BD08BD}") = "Aula 1 - Node.JS", "Aula 1 - Node.JS\Aula 1 - Node.JS.njsproj", "{8B92BCFF-2147-4EDB-A516-BAD187AA1749}"
EndProject
Global
	GlobalSection(SolutionConfigurationPlatforms) = preSolution
		Debug|Any CPU = Debug|Any CPU
		Release|Any CPU = Release|Any CPU
	EndGlobalSection
	GlobalSection(ProjectConfigurationPlatforms) = postSolution
		{8B92BCFF-2147-4EDB-A516-BAD187AA1749}.Debug|Any CPU.ActiveCfg = Debug|Any CPU
		{8B92BCFF-2147-4EDB-A516-BAD187AA1749}.Debug|Any CPU.Build.0 = Debug|Any CPU
		{8B92BCFF-2147-4EDB-A516-BAD187AA1749}.Release|Any CPU.ActiveCfg = Release|Any CPU
		{8B92BCFF-2147-4EDB-A516-BAD187AA1749}.Release|Any CPU.Build.0 = Release|Any CPU
	EndGlobalSection
	GlobalSection(SolutionProperties) = preSolution
		HideSolutionNode = FALSE
	EndGlobalSection
	GlobalSection(ExtensibilityGlobals) = postSolution
		SolutionGuid = {921CDCB3-DC81-4ACC-B1F1-FA4C57A289DB}
	EndGlobalSection
EndGlobal
